
Microsoft Visual Studio Solution File, Format Version 12.00
# Visual Studio Version 17
VisualStudioVersion = 17.1.32414.318
MinimumVisualStudioVersion = 10.0.40219.1
Project("{FAE04EC0-301F-11D3-BF4B-00C04F79EFBC}") = "StringLibrary", "StringLibrary\StringLibrary.csproj", "{5B7D23F0-6E19-4354-A6F0-B766FE2E393D}"
EndProject
Project("{FAE04EC0-301F-11D3-BF4B-00C04F79EFBC}") = "ShowCase", "ShowCase\ShowCase.csproj", "{458801D0-F011-4054-8199-18EC2D82D828}"
EndProject
Global
	GlobalSection(SolutionConfigurationPlatforms) = preSolution
		Debug|Any CPU = Debug|Any CPU
		Release|Any CPU = Release|Any CPU
	EndGlobalSection
	GlobalSection(ProjectConfigurationPlatforms) = postSolution
		{5B7D23F0-6E19-4354-A6F0-B766FE2E393D}.Debug|Any CPU.ActiveCfg = Debug|Any CPU
		{5B7D23F0-6E19-4354-A6F0-B766FE2E393D}.Debug|Any CPU.Build.0 = Debug|Any CPU
		{5B7D23F0-6E19-4354-A6F0-B766FE2E393D}.Release|Any CPU.ActiveCfg = Release|Any CPU
		{5B7D23F0-6E19-4354-A6F0-B766FE2E393D}.Release|Any CPU.Build.0 = Release|Any CPU
		{458801D0-F011-4054-8199-18EC2D82D828}.Debug|Any CPU.ActiveCfg = Debug|Any CPU
		{458801D0-F011-4054-8199-18EC2D82D828}.Debug|Any CPU.Build.0 = Debug|Any CPU
		{458801D0-F011-4054-8199-18EC2D82D828}.Release|Any CPU.ActiveCfg = Release|Any CPU
		{458801D0-F011-4054-8199-18EC2D82D828}.Release|Any CPU.Build.0 = Release|Any CPU
	EndGlobalSection
	GlobalSection(SolutionProperties) = preSolution
		HideSolutionNode = FALSE
	EndGlobalSection
	GlobalSection(ExtensibilityGlobals) = postSolution
		SolutionGuid = {E5C7C736-4A75-424A-AA84-13B18438673F}
	EndGlobalSection
EndGlobal
